resources/SampleData/PXD002936_avian_bronchitis/chicken_refseq_PepGM_Results.csv
resources/SampleData/PXD002936_avian_bronchitis/chicken_refseq_Default_PSM_Report.txt
resources/SampleData/PXD002936_avian_bronchitis/chicken_refseq.psdb
resources/SampleData/PXD002936_avian_bronchitis/chicken_refseq_searchgui_out.zip
resources/SampleData/PXD002936_avian_bronchitis/PXD002936_avian_bronchitis.mgf
resources/Databases/chicken+crap+refseq_viral_concatenated_target_decoy.fasta
resources/SampleData/PXD002936_avian_bronchitis/PXD002936_avian_bronchitis.mgf
resources/Databases/chicken+crap+refseq_viral_concatenated_target_decoy.fasta
resources/SampleData/PXD002936_avian_bronchitis/PXD002936_avian_bronchitis.par
